[root]
name = "lang"
version = "0.0.1"
dependencies = [
 "peg 0.2.3 (registry+https://github.com/rust-lang/crates.io-index)",
 "rustc-serialize 0.3.12 (registry+https://github.com/rust-lang/crates.io-index)",
]

[[package]]
name = "peg"
version = "0.2.3"
source = "registry+https://github.com/rust-lang/crates.io-index"

[[package]]
name = "rustc-serialize"
version = "0.3.12"
source = "registry+https://github.com/rust-lang/crates.io-index"

